
Microsoft Visual Studio Solution File, Format Version 12.00
# Visual Studio 15
VisualStudioVersion = 15.0.26730.16
MinimumVisualStudioVersion = 10.0.40219.1
Project("{FAE04EC0-301F-11D3-BF4B-00C04F79EFBC}") = "Generator", "Generator\Generator.csproj", "{B0DF60C8-1014-4551-9C4D-5861338BAD62}"
EndProject
Project("{FAE04EC0-301F-11D3-BF4B-00C04F79EFBC}") = "Teximitator.Test", "Teximitator.Test\Teximitator.Test.csproj", "{D81A5B49-5624-44C4-A0B8-DFDA365CA09E}"
EndProject
Global
	GlobalSection(SolutionConfigurationPlatforms) = preSolution
		Debug|Any CPU = Debug|Any CPU
		Release|Any CPU = Release|Any CPU
	EndGlobalSection
	GlobalSection(ProjectConfigurationPlatforms) = postSolution
		{B0DF60C8-1014-4551-9C4D-5861338BAD62}.Debug|Any CPU.ActiveCfg = Debug|Any CPU
		{B0DF60C8-1014-4551-9C4D-5861338BAD62}.Debug|Any CPU.Build.0 = Debug|Any CPU
		{B0DF60C8-1014-4551-9C4D-5861338BAD62}.Release|Any CPU.ActiveCfg = Release|Any CPU
		{B0DF60C8-1014-4551-9C4D-5861338BAD62}.Release|Any CPU.Build.0 = Release|Any CPU
		{D81A5B49-5624-44C4-A0B8-DFDA365CA09E}.Debug|Any CPU.ActiveCfg = Debug|Any CPU
		{D81A5B49-5624-44C4-A0B8-DFDA365CA09E}.Debug|Any CPU.Build.0 = Debug|Any CPU
		{D81A5B49-5624-44C4-A0B8-DFDA365CA09E}.Release|Any CPU.ActiveCfg = Release|Any CPU
		{D81A5B49-5624-44C4-A0B8-DFDA365CA09E}.Release|Any CPU.Build.0 = Release|Any CPU
	EndGlobalSection
	GlobalSection(SolutionProperties) = preSolution
		HideSolutionNode = FALSE
	EndGlobalSection
	GlobalSection(ExtensibilityGlobals) = postSolution
		SolutionGuid = {6AF24FB3-CD33-4E46-9271-1BCC179C4CC5}
	EndGlobalSection
EndGlobal
